{
  "name": "rataplan.aoe2",
  "version": "0.0.1",
  "lockfileVersion": 1,
  "requires": true,
  "dependencies": {
    "rataplan.aoe2.constants": {
      "version": "0.0.1",
      "resolved": "https://registry.npmjs.org/rataplan.aoe2.constants/-/rataplan.aoe2.constants-0.0.1.tgz",
      "integrity": "sha512-nmZmvwbLop1z6+2MvVP9WGzVvd1DWliFhA3l0cwRqXD6cpj3kQgLQ7CfNZgvBDgC83lA/t0IoRFHU6wa7iotpg=="
    }
  }
}
